github.com/pkg/errors v0.9.1 h1:FEBLx1zS214owpjy7qsBeixbURkuhQAwrK5UwLGTwt4=
github.com/pkg/errors v0.9.1/go.mod h1:bwawxfHBFNV+L2hUp1rHADufV3IMtnDRdf1r5NINEl0=
github.com/simpleforce/simpleforce v0.0.0-20220429021116-acf4ac67ef68 h1:EW/NT+Lr1n7bASyO4QF9oOM5TvK3Bd/+nHd1O1qbCFc=
github.com/simpleforce/simpleforce v0.0.0-20220429021116-acf4ac67ef68/go.mod h1:/trShGwjho17PsOcwG8PT6QoQ2HnZUooZX625+7qZ20=
